
Microsoft Visual Studio Solution File, Format Version 12.00
# Visual Studio 15
VisualStudioVersion = 15.0.28307.902
MinimumVisualStudioVersion = 10.0.40219.1
Project("{FAE04EC0-301F-11D3-BF4B-00C04F79EFBC}") = "ConsoleApp4", "ConsoleApp4\ConsoleApp4.csproj", "{5AFA817B-2064-4F4E-969B-7D1A7ED211DC}"
EndProject
Global
	GlobalSection(SolutionConfigurationPlatforms) = preSolution
		Debug|Any CPU = Debug|Any CPU
		Release|Any CPU = Release|Any CPU
	EndGlobalSection
	GlobalSection(ProjectConfigurationPlatforms) = postSolution
		{5AFA817B-2064-4F4E-969B-7D1A7ED211DC}.Debug|Any CPU.ActiveCfg = Debug|Any CPU
		{5AFA817B-2064-4F4E-969B-7D1A7ED211DC}.Debug|Any CPU.Build.0 = Debug|Any CPU
		{5AFA817B-2064-4F4E-969B-7D1A7ED211DC}.Release|Any CPU.ActiveCfg = Release|Any CPU
		{5AFA817B-2064-4F4E-969B-7D1A7ED211DC}.Release|Any CPU.Build.0 = Release|Any CPU
	EndGlobalSection
	GlobalSection(SolutionProperties) = preSolution
		HideSolutionNode = FALSE
	EndGlobalSection
	GlobalSection(ExtensibilityGlobals) = postSolution
		SolutionGuid = {E632851D-CC69-49DF-8FED-FBEB62A83102}
	EndGlobalSection
EndGlobal
